
Microsoft Visual Studio Solution File, Format Version 12.00
# Visual Studio Version 17
VisualStudioVersion = 17.5.33627.172
MinimumVisualStudioVersion = 10.0.40219.1
Project("{9A19103F-16F7-4668-BE54-9A1E7A4F7556}") = "RiseEffect", "RiseEffect\RiseEffect.csproj", "{9BABC4A6-397B-430A-9C8C-E7D5F478CD8E}"
EndProject
Project("{2150E333-8FDC-42A3-9474-1A3956D46DE8}") = "Solution Items", "Solution Items", "{17B46B8A-513A-4778-B425-1106AFD07A86}"
	ProjectSection(SolutionItems) = preProject
		.editorconfig = .editorconfig
	EndProjectSection
EndProject
Global
	GlobalSection(SolutionConfigurationPlatforms) = preSolution
		Debug|Any CPU = Debug|Any CPU
		Release|Any CPU = Release|Any CPU
	EndGlobalSection
	GlobalSection(ProjectConfigurationPlatforms) = postSolution
		{9BABC4A6-397B-430A-9C8C-E7D5F478CD8E}.Debug|Any CPU.ActiveCfg = Debug|Any CPU
		{9BABC4A6-397B-430A-9C8C-E7D5F478CD8E}.Debug|Any CPU.Build.0 = Debug|Any CPU
		{9BABC4A6-397B-430A-9C8C-E7D5F478CD8E}.Release|Any CPU.ActiveCfg = Release|Any CPU
		{9BABC4A6-397B-430A-9C8C-E7D5F478CD8E}.Release|Any CPU.Build.0 = Release|Any CPU
	EndGlobalSection
	GlobalSection(SolutionProperties) = preSolution
		HideSolutionNode = FALSE
	EndGlobalSection
	GlobalSection(ExtensibilityGlobals) = postSolution
		SolutionGuid = {BED590DA-3C55-452A-BE50-76B32C993E70}
	EndGlobalSection
EndGlobal
